
Microsoft Visual Studio Solution File, Format Version 12.00
# Visual Studio 15
VisualStudioVersion = 15.0.27428.2037
MinimumVisualStudioVersion = 10.0.40219.1
Project("{FAE04EC0-301F-11D3-BF4B-00C04F79EFBC}") = "AspNetMvcSignalRDemo", "AspNetMvcSignalRDemo\AspNetMvcSignalRDemo.csproj", "{A82DC83A-9016-4177-8FB3-355639F26204}"
EndProject
Global
	GlobalSection(SolutionConfigurationPlatforms) = preSolution
		Debug|Any CPU = Debug|Any CPU
		Release|Any CPU = Release|Any CPU
	EndGlobalSection
	GlobalSection(ProjectConfigurationPlatforms) = postSolution
		{A82DC83A-9016-4177-8FB3-355639F26204}.Debug|Any CPU.ActiveCfg = Debug|Any CPU
		{A82DC83A-9016-4177-8FB3-355639F26204}.Debug|Any CPU.Build.0 = Debug|Any CPU
		{A82DC83A-9016-4177-8FB3-355639F26204}.Release|Any CPU.ActiveCfg = Release|Any CPU
		{A82DC83A-9016-4177-8FB3-355639F26204}.Release|Any CPU.Build.0 = Release|Any CPU
	EndGlobalSection
	GlobalSection(SolutionProperties) = preSolution
		HideSolutionNode = FALSE
	EndGlobalSection
	GlobalSection(ExtensibilityGlobals) = postSolution
		SolutionGuid = {AD5115B6-4D8F-4D30-A0C0-1639D5A73C5C}
	EndGlobalSection
EndGlobal
